{
  "name": "raycast",
  "lockfileVersion": 3,
  "requires": true,
  "packages": {
    "": {
      "name": "raycast",
      "license": "MIT",
      "dependencies": {
        "@raycast/api": "^1.102.7",
        "@raycast/utils": "^1.17.0"
      },
      "devDependencies": {
        "@types/react": "19.0.10"
      }
    },
    "../../node_modules/.pnpm/@raycast+api@1.102.7_@types+node@24.3.0_@types+react@19.0.10/node_modules/@raycast/api": {
      "version": "1.102.7",
      "license": "MIT",
      "dependencies": {
        "@oclif/core": "^4.4.1",
        "@oclif/plugin-autocomplete": "^3.2.31",
        "@oclif/plugin-help": "^6.2.29",
        "@oclif/plugin-not-found": "^3.2.57",
        "@types/node": "22.13.10",
        "@types/react": "19.0.10",
        "esbuild": "^0.25.5",
        "react": "19.0.0"
      },
      "bin": {
        "ray": "bin/run.js"
      },
      "engines": {
        "node": ">=22.14.0"
      },
      "peerDependencies": {
        "@types/node": "22.13.10",
        "@types/react": "19.0.10",
        "react-devtools": "6.1.1"
      },
      "peerDependenciesMeta": {
        "@types/node": {
          "optional": true
        },
        "@types/react": {
          "optional": true
        },
        "react-devtools": {
          "optional": true
        }
      }
    },
    "../../node_modules/.pnpm/@raycast+utils@1.19.1_@raycast+api@1.102.7_@types+node@24.3.0_@types+react@19.0.10_/node_modules/@raycast/utils": {
      "version": "1.19.1",
      "license": "MIT",
      "dependencies": {
        "cross-fetch": "^3.1.6",
        "dequal": "^2.0.3",
        "object-hash": "^3.0.0",
        "signal-exit": "^4.0.2",
        "stream-chain": "^2.2.5",
        "stream-json": "^1.8.0"
      },
      "devDependencies": {
        "@raycast/api": "1.52.0",
        "@types/content-type": "^1.1.6",
        "@types/object-hash": "^3.0.4",
        "@types/signal-exit": "^3.0.2",
        "@types/stream-chain": "^2.0.4",
        "@types/stream-json": "^1.7.7",
        "@typescript-eslint/eslint-plugin": "6.7.5",
        "@typescript-eslint/parser": "6.7.5",
        "eslint": "8.51.0",
        "eslint-config-prettier": "9.0.0",
        "eslint-plugin-import": "2.28.1",
        "eslint-plugin-jest": "27.4.2",
        "eslint-plugin-prettier": "5.0.0",
        "eslint-plugin-react-hooks": "4.6.0",
        "typescript": "5.2.2"
      },
      "peerDependencies": {
        "@raycast/api": ">=1.69.0"
      }
    },
    "../../node_modules/.pnpm/@types+react@19.0.10/node_modules/@types/react": {
      "version": "19.0.10",
      "dev": true,
      "license": "MIT",
      "dependencies": {
        "csstype": "^3.0.2"
      }
    },
    "node_modules/@raycast/api": {
      "resolved": "../../node_modules/.pnpm/@raycast+api@1.102.7_@types+node@24.3.0_@types+react@19.0.10/node_modules/@raycast/api",
      "link": true
    },
    "node_modules/@raycast/utils": {
      "resolved": "../../node_modules/.pnpm/@raycast+utils@1.19.1_@raycast+api@1.102.7_@types+node@24.3.0_@types+react@19.0.10_/node_modules/@raycast/utils",
      "link": true
    },
    "node_modules/@types/react": {
      "resolved": "../../node_modules/.pnpm/@types+react@19.0.10/node_modules/@types/react",
      "link": true
    }
  }
}
